
Microsoft Visual Studio Solution File, Format Version 12.00
# Visual Studio 2013
VisualStudioVersion = 12.0.21005.1
MinimumVisualStudioVersion = 10.0.40219.1
Project("{8BC9CEB8-8B4A-11D0-8D11-00A0C91BC942}") = "levelOrder", "levelOrder\levelOrder.vcxproj", "{984A05C3-D6CC-4322-869B-F9EE34321C92}"
EndProject
Global
	GlobalSection(SolutionConfigurationPlatforms) = preSolution
		Debug|Win32 = Debug|Win32
		Release|Win32 = Release|Win32
	EndGlobalSection
	GlobalSection(ProjectConfigurationPlatforms) = postSolution
		{984A05C3-D6CC-4322-869B-F9EE34321C92}.Debug|Win32.ActiveCfg = Debug|Win32
		{984A05C3-D6CC-4322-869B-F9EE34321C92}.Debug|Win32.Build.0 = Debug|Win32
		{984A05C3-D6CC-4322-869B-F9EE34321C92}.Release|Win32.ActiveCfg = Release|Win32
		{984A05C3-D6CC-4322-869B-F9EE34321C92}.Release|Win32.Build.0 = Release|Win32
	EndGlobalSection
	GlobalSection(SolutionProperties) = preSolution
		HideSolutionNode = FALSE
	EndGlobalSection
EndGlobal
